# THIS IS AN AUTOGENERATED FILE. DO NOT EDIT THIS FILE DIRECTLY.
# yarn lockfile v1


"@rmw/md-include@^0.4.5":
  version "0.4.5"
  resolved "https://registry.npmjs.org/@rmw/md-include/-/md-include-0.4.5.tgz#07b04bc3fdcd7e7fe76d07f2d51d71868fd01f88"
  integrity sha512-UQ5EkmIdgqJsvVOaqwvl0qz0jGbtg+wS2SlInCIiOTymjmjj2K1prqjJzxUmYOcFEF/uTCscCKH2/m6A9Iw3oA==
  dependencies:
    q "^1.2.0"

coffeescript@^2.5.1:
  version "2.5.1"
  resolved "https://registry.npmjs.org/coffeescript/-/coffeescript-2.5.1.tgz#b2442a1f2c806139669534a54adc35010559d16a"
  integrity sha512-J2jRPX0eeFh5VKyVnoLrfVFgLZtnnmp96WQSLAS8OrLm2wtQLcnikYKe1gViJKDH7vucjuhHvBKKBP3rKcD1tQ==

q@^1.2.0:
  version "1.5.1"
  resolved "https://registry.npmjs.org/q/-/q-1.5.1.tgz#7e32f75b41381291d04611f1bf14109ac00651d7"
  integrity sha1-fjL3W0E4EpHQRhHxvxQQmsAGUdc=
